// !$*UTF8*$!
{
	archiveVersion = 1;
	classes = {
	};
	objectVersion = 56;
	objects = {

/* Begin PBXBuildFile section */
		434F1C7829F6EDDE002F6986 /* SwiftFireApp.swift in Sources */ = {isa = PBXBuildFile; fileRef = 434F1C7729F6EDDE002F6986 /* SwiftFireApp.swift */; };
		434F1C7A29F6EDDE002F6986 /* ContentView.swift in Sources */ = {isa = PBXBuildFile; fileRef = 434F1C7929F6EDDE002F6986 /* ContentView.swift */; };
		434F1C7C29F6EDE1002F6986 /* Assets.xcassets in Resources */ = {isa = PBXBuildFile; fileRef = 434F1C7B29F6EDE1002F6986 /* Assets.xcassets */; };
		434F1C7F29F6EDE1002F6986 /* Preview Assets.xcassets in Resources */ = {isa = PBXBuildFile; fileRef = 434F1C7E29F6EDE1002F6986 /* Preview Assets.xcassets */; };
		434F1C8629F6EF84002F6986 /* GoogleService-Info.plist in Resources */ = {isa = PBXBuildFile; fileRef = 434F1C8529F6EF84002F6986 /* GoogleService-Info.plist */; };
		434F1C8929F700EB002F6986 /* FirebaseAnalytics in Frameworks */ = {isa = PBXBuildFile; productRef = 434F1C8829F700EB002F6986 /* FirebaseAnalytics */; };
		434F1C8B29F700EB002F6986 /* FirebaseAuth in Frameworks */ = {isa = PBXBuildFile; productRef = 434F1C8A29F700EB002F6986 /* FirebaseAuth */; };
		434F1C8D29F700EB002F6986 /* FirebaseFirestore in Frameworks */ = {isa = PBXBuildFile; productRef = 434F1C8C29F700EB002F6986 /* FirebaseFirestore */; };
		434F1C8F29F700EB002F6986 /* FirebaseMessaging in Frameworks */ = {isa = PBXBuildFile; productRef = 434F1C8E29F700EB002F6986 /* FirebaseMessaging */; };
		434F1C9129F700EB002F6986 /* FirebaseStorage in Frameworks */ = {isa = PBXBuildFile; productRef = 434F1C9029F700EB002F6986 /* FirebaseStorage */; };
		434F1C9529F7026F002F6986 /* AuthenticationManager.swift in Sources */ = {isa = PBXBuildFile; fileRef = 434F1C9429F7026F002F6986 /* AuthenticationManager.swift */; };
		434F1C9729F705BC002F6986 /* SignInEmailView.swift in Sources */ = {isa = PBXBuildFile; fileRef = 434F1C9629F705BC002F6986 /* SignInEmailView.swift */; };
		434F1C9929F70A9E002F6986 /* AuthenticationView.swift in Sources */ = {isa = PBXBuildFile; fileRef = 434F1C9829F70A9E002F6986 /* AuthenticationView.swift */; };
		434F1C9B29F70C62002F6986 /* RootView.swift in Sources */ = {isa = PBXBuildFile; fileRef = 434F1C9A29F70C62002F6986 /* RootView.swift */; };
		434F1C9D29F798C1002F6986 /* SettingView.swift in Sources */ = {isa = PBXBuildFile; fileRef = 434F1C9C29F798C1002F6986 /* SettingView.swift */; };
/* End PBXBuildFile section */

/* Begin PBXFileReference section */
		434F1C7429F6EDDE002F6986 /* SwiftFire.app */ = {isa = PBXFileReference; explicitFileType = wrapper.application; includeInIndex = 0; path = SwiftFire.app; sourceTree = BUILT_PRODUCTS_DIR; };
		434F1C7729F6EDDE002F6986 /* SwiftFireApp.swift */ = {isa = PBXFileReference; lastKnownFileType = sourcecode.swift; path = SwiftFireApp.swift; sourceTree = "<group>"; };
		434F1C7929F6EDDE002F6986 /* ContentView.swift */ = {isa = PBXFileReference; lastKnownFileType = sourcecode.swift; path = ContentView.swift; sourceTree = "<group>"; };
		434F1C7B29F6EDE1002F6986 /* Assets.xcassets */ = {isa = PBXFileReference; lastKnownFileType = folder.assetcatalog; path = Assets.xcassets; sourceTree = "<group>"; };
		434F1C7E29F6EDE1002F6986 /* Preview Assets.xcassets */ = {isa = PBXFileReference; lastKnownFileType = folder.assetcatalog; path = "Preview Assets.xcassets"; sourceTree = "<group>"; };
		434F1C8529F6EF84002F6986 /* GoogleService-Info.plist */ = {isa = PBXFileReference; fileEncoding = 4; lastKnownFileType = text.plist.xml; path = "GoogleService-Info.plist"; sourceTree = "<group>"; };
		434F1C9429F7026F002F6986 /* AuthenticationManager.swift */ = {isa = PBXFileReference; lastKnownFileType = sourcecode.swift; path = AuthenticationManager.swift; sourceTree = "<group>"; };
		434F1C9629F705BC002F6986 /* SignInEmailView.swift */ = {isa = PBXFileReference; lastKnownFileType = sourcecode.swift; path = SignInEmailView.swift; sourceTree = "<group>"; };
		434F1C9829F70A9E002F6986 /* AuthenticationView.swift */ = {isa = PBXFileReference; lastKnownFileType = sourcecode.swift; path = AuthenticationView.swift; sourceTree = "<group>"; };
		434F1C9A29F70C62002F6986 /* RootView.swift */ = {isa = PBXFileReference; lastKnownFileType = sourcecode.swift; path = RootView.swift; sourceTree = "<group>"; };
		434F1C9C29F798C1002F6986 /* SettingView.swift */ = {isa = PBXFileReference; lastKnownFileType = sourcecode.swift; path = SettingView.swift; sourceTree = "<group>"; };
/* End PBXFileReference section */

/* Begin PBXFrameworksBuildPhase section */
		434F1C7129F6EDDE002F6986 /* Frameworks */ = {
			isa = PBXFrameworksBuildPhase;
			buildActionMask = 2147483647;
			files = (
				434F1C8F29F700EB002F6986 /* FirebaseMessaging in Frameworks */,
				434F1C8929F700EB002F6986 /* FirebaseAnalytics in Frameworks */,
				434F1C8B29F700EB002F6986 /* FirebaseAuth in Frameworks */,
				434F1C9129F700EB002F6986 /* FirebaseStorage in Frameworks */,
				434F1C8D29F700EB002F6986 /* FirebaseFirestore in Frameworks */,
			);
			runOnlyForDeploymentPostprocessing = 0;
		};
/* End PBXFrameworksBuildPhase section */

/* Begin PBXGroup section */
		434F1C6B29F6EDDE002F6986 = {
			isa = PBXGroup;
			children = (
				434F1C7629F6EDDE002F6986 /* SwiftFire */,
				434F1C7529F6EDDE002F6986 /* Products */,
			);
			sourceTree = "<group>";
		};
		434F1C7529F6EDDE002F6986 /* Products */ = {
			isa = PBXGroup;
			children = (
				434F1C7429F6EDDE002F6986 /* SwiftFire.app */,
			);
			name = Products;
			sourceTree = "<group>";
		};
		434F1C7629F6EDDE002F6986 /* SwiftFire */ = {
			isa = PBXGroup;
			children = (
				434F1C9329F70246002F6986 /* Authentication */,
				434F1C7729F6EDDE002F6986 /* SwiftFireApp.swift */,
				434F1C8529F6EF84002F6986 /* GoogleService-Info.plist */,
				434F1C7929F6EDDE002F6986 /* ContentView.swift */,
				434F1C7B29F6EDE1002F6986 /* Assets.xcassets */,
				434F1C7D29F6EDE1002F6986 /* Preview Content */,
			);
			path = SwiftFire;
			sourceTree = "<group>";
		};
		434F1C7D29F6EDE1002F6986 /* Preview Content */ = {
			isa = PBXGroup;
			children = (
				434F1C7E29F6EDE1002F6986 /* Preview Assets.xcassets */,
			);
			path = "Preview Content";
			sourceTree = "<group>";
		};
		434F1C9329F70246002F6986 /* Authentication */ = {
			isa = PBXGroup;
			children = (
				434F1C9429F7026F002F6986 /* AuthenticationManager.swift */,
				434F1C9629F705BC002F6986 /* SignInEmailView.swift */,
				434F1C9829F70A9E002F6986 /* AuthenticationView.swift */,
				434F1C9A29F70C62002F6986 /* RootView.swift */,
				434F1C9C29F798C1002F6986 /* SettingView.swift */,
			);
			path = Authentication;
			sourceTree = "<group>";
		};
/* End PBXGroup section */

/* Begin PBXNativeTarget section */
		434F1C7329F6EDDE002F6986 /* SwiftFire */ = {
			isa = PBXNativeTarget;
			buildConfigurationList = 434F1C8229F6EDE1002F6986 /* Build configuration list for PBXNativeTarget "SwiftFire" */;
			buildPhases = (
				434F1C7029F6EDDE002F6986 /* Sources */,
				434F1C7129F6EDDE002F6986 /* Frameworks */,
				434F1C7229F6EDDE002F6986 /* Resources */,
			);
			buildRules = (
			);
			dependencies = (
			);
			name = SwiftFire;
			packageProductDependencies = (
				434F1C8829F700EB002F6986 /* FirebaseAnalytics */,
				434F1C8A29F700EB002F6986 /* FirebaseAuth */,
				434F1C8C29F700EB002F6986 /* FirebaseFirestore */,
				434F1C8E29F700EB002F6986 /* FirebaseMessaging */,
				434F1C9029F700EB002F6986 /* FirebaseStorage */,
			);
			productName = SwiftFire;
			productReference = 434F1C7429F6EDDE002F6986 /* SwiftFire.app */;
			productType = "com.apple.product-type.application";
		};
/* End PBXNativeTarget section */

/* Begin PBXProject section */
		434F1C6C29F6EDDE002F6986 /* Project object */ = {
			isa = PBXProject;
			attributes = {
				BuildIndependentTargetsInParallel = 1;
				LastSwiftUpdateCheck = 1430;
				LastUpgradeCheck = 1430;
				TargetAttributes = {
					434F1C7329F6EDDE002F6986 = {
						CreatedOnToolsVersion = 14.3;
					};
				};
			};
			buildConfigurationList = 434F1C6F29F6EDDE002F6986 /* Build configuration list for PBXProject "SwiftFire" */;
			compatibilityVersion = "Xcode 14.0";
			developmentRegion = en;
			hasScannedForEncodings = 0;
			knownRegions = (
				en,
				Base,
			);
			mainGroup = 434F1C6B29F6EDDE002F6986;
			packageReferences = (
				434F1C8729F700EB002F6986 /* XCRemoteSwiftPackageReference "firebase-ios-sdk" */,
			);
			productRefGroup = 434F1C7529F6EDDE002F6986 /* Products */;
			projectDirPath = "";
			projectRoot = "";
			targets = (
				434F1C7329F6EDDE002F6986 /* SwiftFire */,
			);
		};
/* End PBXProject section */

/* Begin PBXResourcesBuildPhase section */
		434F1C7229F6EDDE002F6986 /* Resources */ = {
			isa = PBXResourcesBuildPhase;
			buildActionMask = 2147483647;
			files = (
				434F1C7F29F6EDE1002F6986 /* Preview Assets.xcassets in Resources */,
				434F1C7C29F6EDE1002F6986 /* Assets.xcassets in Resources */,
				434F1C8629F6EF84002F6986 /* GoogleService-Info.plist in Resources */,
			);
			runOnlyForDeploymentPostprocessing = 0;
		};
/* End PBXResourcesBuildPhase section */

/* Begin PBXSourcesBuildPhase section */
		434F1C7029F6EDDE002F6986 /* Sources */ = {
			isa = PBXSourcesBuildPhase;
			buildActionMask = 2147483647;
			files = (
				434F1C9529F7026F002F6986 /* AuthenticationManager.swift in Sources */,
				434F1C7A29F6EDDE002F6986 /* ContentView.swift in Sources */,
				434F1C9B29F70C62002F6986 /* RootView.swift in Sources */,
				434F1C9D29F798C1002F6986 /* SettingView.swift in Sources */,
				434F1C7829F6EDDE002F6986 /* SwiftFireApp.swift in Sources */,
				434F1C9729F705BC002F6986 /* SignInEmailView.swift in Sources */,
				434F1C9929F70A9E002F6986 /* AuthenticationView.swift in Sources */,
			);
			runOnlyForDeploymentPostprocessing = 0;
		};
/* End PBXSourcesBuildPhase section */

/* Begin XCBuildConfiguration section */
		434F1C8029F6EDE1002F6986 /* Debug */ = {
			isa = XCBuildConfiguration;
			buildSettings = {
				ALWAYS_SEARCH_USER_PATHS = NO;
				CLANG_ANALYZER_NONNULL = YES;
				CLANG_ANALYZER_NUMBER_OBJECT_CONVERSION = YES_AGGRESSIVE;
				CLANG_CXX_LANGUAGE_STANDARD = "gnu++20";
				CLANG_ENABLE_MODULES = YES;
				CLANG_ENABLE_OBJC_ARC = YES;
				CLANG_ENABLE_OBJC_WEAK = YES;
				CLANG_WARN_BLOCK_CAPTURE_AUTORELEASING = YES;
				CLANG_WARN_BOOL_CONVERSION = YES;
				CLANG_WARN_COMMA = YES;
				CLANG_WARN_CONSTANT_CONVERSION = YES;
				CLANG_WARN_DEPRECATED_OBJC_IMPLEMENTATIONS = YES;
				CLANG_WARN_DIRECT_OBJC_ISA_USAGE = YES_ERROR;
				CLANG_WARN_DOCUMENTATION_COMMENTS = YES;
				CLANG_WARN_EMPTY_BODY = YES;
				CLANG_WARN_ENUM_CONVERSION = YES;
				CLANG_WARN_INFINITE_RECURSION = YES;
				CLANG_WARN_INT_CONVERSION = YES;
				CLANG_WARN_NON_LITERAL_NULL_CONVERSION = YES;
				CLANG_WARN_OBJC_IMPLICIT_RETAIN_SELF = YES;
				CLANG_WARN_OBJC_LITERAL_CONVERSION = YES;
				CLANG_WARN_OBJC_ROOT_CLASS = YES_ERROR;
				CLANG_WARN_QUOTED_INCLUDE_IN_FRAMEWORK_HEADER = YES;
				CLANG_WARN_RANGE_LOOP_ANALYSIS = YES;
				CLANG_WARN_STRICT_PROTOTYPES = YES;
				CLANG_WARN_SUSPICIOUS_MOVE = YES;
				CLANG_WARN_UNGUARDED_AVAILABILITY = YES_AGGRESSIVE;
				CLANG_WARN_UNREACHABLE_CODE = YES;
				CLANG_WARN__DUPLICATE_METHOD_MATCH = YES;
				COPY_PHASE_STRIP = NO;
				DEBUG_INFORMATION_FORMAT = dwarf;
				ENABLE_STRICT_OBJC_MSGSEND = YES;
				ENABLE_TESTABILITY = YES;
				GCC_C_LANGUAGE_STANDARD = gnu11;
				GCC_DYNAMIC_NO_PIC = NO;
				GCC_NO_COMMON_BLOCKS = YES;
				GCC_OPTIMIZATION_LEVEL = 0;
				GCC_PREPROCESSOR_DEFINITIONS = (
					"DEBUG=1",
					"$(inherited)",
				);
				GCC_WARN_64_TO_32_BIT_CONVERSION = YES;
				GCC_WARN_ABOUT_RETURN_TYPE = YES_ERROR;
				GCC_WARN_UNDECLARED_SELECTOR = YES;
				GCC_WARN_UNINITIALIZED_AUTOS = YES_AGGRESSIVE;
				GCC_WARN_UNUSED_FUNCTION = YES;
				GCC_WARN_UNUSED_VARIABLE = YES;
				IPHONEOS_DEPLOYMENT_TARGET = 16.4;
				MTL_ENABLE_DEBUG_INFO = INCLUDE_SOURCE;
				MTL_FAST_MATH = YES;
				ONLY_ACTIVE_ARCH = YES;
				SDKROOT = iphoneos;
				SWIFT_ACTIVE_COMPILATION_CONDITIONS = DEBUG;
				SWIFT_OPTIMIZATION_LEVEL = "-Onone";
			};
			name = Debug;
		};
		434F1C8129F6EDE1002F6986 /* Release */ = {
			isa = XCBuildConfiguration;
			buildSettings = {
				ALWAYS_SEARCH_USER_PATHS = NO;
				CLANG_ANALYZER_NONNULL = YES;
				CLANG_ANALYZER_NUMBER_OBJECT_CONVERSION = YES_AGGRESSIVE;
				CLANG_CXX_LANGUAGE_STANDARD = "gnu++20";
				CLANG_ENABLE_MODULES = YES;
				CLANG_ENABLE_OBJC_ARC = YES;
				CLANG_ENABLE_OBJC_WEAK = YES;
				CLANG_WARN_BLOCK_CAPTURE_AUTORELEASING = YES;
				CLANG_WARN_BOOL_CONVERSION = YES;
				CLANG_WARN_COMMA = YES;
				CLANG_WARN_CONSTANT_CONVERSION = YES;
				CLANG_WARN_DEPRECATED_OBJC_IMPLEMENTATIONS = YES;
				CLANG_WARN_DIRECT_OBJC_ISA_USAGE = YES_ERROR;
				CLANG_WARN_DOCUMENTATION_COMMENTS = YES;
				CLANG_WARN_EMPTY_BODY = YES;
				CLANG_WARN_ENUM_CONVERSION = YES;
				CLANG_WARN_INFINITE_RECURSION = YES;
				CLANG_WARN_INT_CONVERSION = YES;
				CLANG_WARN_NON_LITERAL_NULL_CONVERSION = YES;
				CLANG_WARN_OBJC_IMPLICIT_RETAIN_SELF = YES;
				CLANG_WARN_OBJC_LITERAL_CONVERSION = YES;
				CLANG_WARN_OBJC_ROOT_CLASS = YES_ERROR;
				CLANG_WARN_QUOTED_INCLUDE_IN_FRAMEWORK_HEADER = YES;
				CLANG_WARN_RANGE_LOOP_ANALYSIS = YES;
				CLANG_WARN_STRICT_PROTOTYPES = YES;
				CLANG_WARN_SUSPICIOUS_MOVE = YES;
				CLANG_WARN_UNGUARDED_AVAILABILITY = YES_AGGRESSIVE;
				CLANG_WARN_UNREACHABLE_CODE = YES;
				CLANG_WARN__DUPLICATE_METHOD_MATCH = YES;
				COPY_PHASE_STRIP = NO;
				DEBUG_INFORMATION_FORMAT = "dwarf-with-dsym";
				ENABLE_NS_ASSERTIONS = NO;
				ENABLE_STRICT_OBJC_MSGSEND = YES;
				GCC_C_LANGUAGE_STANDARD = gnu11;
				GCC_NO_COMMON_BLOCKS = YES;
				GCC_WARN_64_TO_32_BIT_CONVERSION = YES;
				GCC_WARN_ABOUT_RETURN_TYPE = YES_ERROR;
				GCC_WARN_UNDECLARED_SELECTOR = YES;
				GCC_WARN_UNINITIALIZED_AUTOS = YES_AGGRESSIVE;
				GCC_WARN_UNUSED_FUNCTION = YES;
				GCC_WARN_UNUSED_VARIABLE = YES;
				IPHONEOS_DEPLOYMENT_TARGET = 16.4;
				MTL_ENABLE_DEBUG_INFO = NO;
				MTL_FAST_MATH = YES;
				SDKROOT = iphoneos;
				SWIFT_COMPILATION_MODE = wholemodule;
				SWIFT_OPTIMIZATION_LEVEL = "-O";
				VALIDATE_PRODUCT = YES;
			};
			name = Release;
		};
		434F1C8329F6EDE1002F6986 /* Debug */ = {
			isa = XCBuildConfiguration;
			buildSettings = {
				ASSETCATALOG_COMPILER_APPICON_NAME = AppIcon;
				ASSETCATALOG_COMPILER_GLOBAL_ACCENT_COLOR_NAME = AccentColor;
				CODE_SIGN_STYLE = Automatic;
				CURRENT_PROJECT_VERSION = 1;
				DEVELOPMENT_ASSET_PATHS = "\"SwiftFire/Preview Content\"";
				DEVELOPMENT_TEAM = QAHF5QF5CA;
				ENABLE_PREVIEWS = YES;
				GENERATE_INFOPLIST_FILE = YES;
				INFOPLIST_KEY_UIApplicationSceneManifest_Generation = YES;
				INFOPLIST_KEY_UIApplicationSupportsIndirectInputEvents = YES;
				INFOPLIST_KEY_UILaunchScreen_Generation = YES;
				INFOPLIST_KEY_UISupportedInterfaceOrientations_iPad = "UIInterfaceOrientationPortrait UIInterfaceOrientationPortraitUpsideDown UIInterfaceOrientationLandscapeLeft UIInterfaceOrientationLandscapeRight";
				INFOPLIST_KEY_UISupportedInterfaceOrientations_iPhone = "UIInterfaceOrientationPortrait UIInterfaceOrientationLandscapeLeft UIInterfaceOrientationLandscapeRight";
				LD_RUNPATH_SEARCH_PATHS = (
					"$(inherited)",
					"@executable_path/Frameworks",
				);
				MARKETING_VERSION = 1.0;
				PRODUCT_BUNDLE_IDENTIFIER = com.gaalbaat.SwiftFire;
				PRODUCT_NAME = "$(TARGET_NAME)";
				SWIFT_EMIT_LOC_STRINGS = YES;
				SWIFT_VERSION = 5.0;
				TARGETED_DEVICE_FAMILY = "1,2";
			};
			name = Debug;
		};
		434F1C8429F6EDE1002F6986 /* Release */ = {
			isa = XCBuildConfiguration;
			buildSettings = {
				ASSETCATALOG_COMPILER_APPICON_NAME = AppIcon;
				ASSETCATALOG_COMPILER_GLOBAL_ACCENT_COLOR_NAME = AccentColor;
				CODE_SIGN_STYLE = Automatic;
				CURRENT_PROJECT_VERSION = 1;
				DEVELOPMENT_ASSET_PATHS = "\"SwiftFire/Preview Content\"";
				DEVELOPMENT_TEAM = QAHF5QF5CA;
				ENABLE_PREVIEWS = YES;
				GENERATE_INFOPLIST_FILE = YES;
				INFOPLIST_KEY_UIApplicationSceneManifest_Generation = YES;
				INFOPLIST_KEY_UIApplicationSupportsIndirectInputEvents = YES;
				INFOPLIST_KEY_UILaunchScreen_Generation = YES;
				INFOPLIST_KEY_UISupportedInterfaceOrientations_iPad = "UIInterfaceOrientationPortrait UIInterfaceOrientationPortraitUpsideDown UIInterfaceOrientationLandscapeLeft UIInterfaceOrientationLandscapeRight";
				INFOPLIST_KEY_UISupportedInterfaceOrientations_iPhone = "UIInterfaceOrientationPortrait UIInterfaceOrientationLandscapeLeft UIInterfaceOrientationLandscapeRight";
				LD_RUNPATH_SEARCH_PATHS = (
					"$(inherited)",
					"@executable_path/Frameworks",
				);
				MARKETING_VERSION = 1.0;
				PRODUCT_BUNDLE_IDENTIFIER = com.gaalbaat.SwiftFire;
				PRODUCT_NAME = "$(TARGET_NAME)";
				SWIFT_EMIT_LOC_STRINGS = YES;
				SWIFT_VERSION = 5.0;
				TARGETED_DEVICE_FAMILY = "1,2";
			};
			name = Release;
		};
/* End XCBuildConfiguration section */

/* Begin XCConfigurationList section */
		434F1C6F29F6EDDE002F6986 /* Build configuration list for PBXProject "SwiftFire" */ = {
			isa = XCConfigurationList;
			buildConfigurations = (
				434F1C8029F6EDE1002F6986 /* Debug */,
				434F1C8129F6EDE1002F6986 /* Release */,
			);
			defaultConfigurationIsVisible = 0;
			defaultConfigurationName = Release;
		};
		434F1C8229F6EDE1002F6986 /* Build configuration list for PBXNativeTarget "SwiftFire" */ = {
			isa = XCConfigurationList;
			buildConfigurations = (
				434F1C8329F6EDE1002F6986 /* Debug */,
				434F1C8429F6EDE1002F6986 /* Release */,
			);
			defaultConfigurationIsVisible = 0;
			defaultConfigurationName = Release;
		};
/* End XCConfigurationList section */

/* Begin XCRemoteSwiftPackageReference section */
		434F1C8729F700EB002F6986 /* XCRemoteSwiftPackageReference "firebase-ios-sdk" */ = {
			isa = XCRemoteSwiftPackageReference;
			repositoryURL = "https://github.com/firebase/firebase-ios-sdk";
			requirement = {
				kind = upToNextMajorVersion;
				minimumVersion = 10.0.0;
			};
		};
/* End XCRemoteSwiftPackageReference section */

/* Begin XCSwiftPackageProductDependency section */
		434F1C8829F700EB002F6986 /* FirebaseAnalytics */ = {
			isa = XCSwiftPackageProductDependency;
			package = 434F1C8729F700EB002F6986 /* XCRemoteSwiftPackageReference "firebase-ios-sdk" */;
			productName = FirebaseAnalytics;
		};
		434F1C8A29F700EB002F6986 /* FirebaseAuth */ = {
			isa = XCSwiftPackageProductDependency;
			package = 434F1C8729F700EB002F6986 /* XCRemoteSwiftPackageReference "firebase-ios-sdk" */;
			productName = FirebaseAuth;
		};
		434F1C8C29F700EB002F6986 /* FirebaseFirestore */ = {
			isa = XCSwiftPackageProductDependency;
			package = 434F1C8729F700EB002F6986 /* XCRemoteSwiftPackageReference "firebase-ios-sdk" */;
			productName = FirebaseFirestore;
		};
		434F1C8E29F700EB002F6986 /* FirebaseMessaging */ = {
			isa = XCSwiftPackageProductDependency;
			package = 434F1C8729F700EB002F6986 /* XCRemoteSwiftPackageReference "firebase-ios-sdk" */;
			productName = FirebaseMessaging;
		};
		434F1C9029F700EB002F6986 /* FirebaseStorage */ = {
			isa = XCSwiftPackageProductDependency;
			package = 434F1C8729F700EB002F6986 /* XCRemoteSwiftPackageReference "firebase-ios-sdk" */;
			productName = FirebaseStorage;
		};
/* End XCSwiftPackageProductDependency section */
	};
	rootObject = 434F1C6C29F6EDDE002F6986 /* Project object */;
}
